
Microsoft Visual Studio Solution File, Format Version 12.00
# Visual Studio Version 16
VisualStudioVersion = 16.0.34031.81
MinimumVisualStudioVersion = 10.0.40219.1
Project("{2150E333-8FDC-42A3-9474-1A3956D46DE8}") = "Task0", "Task0", "{0F8B2FBF-FD7F-4219-AC07-22108BC9A02E}"
EndProject
Project("{FAE04EC0-301F-11D3-BF4B-00C04F79EFBC}") = "Tyuiu.KonovalovaAO.Sprint6.Task0.V5.Lib", "Tyuiu.KonovalovaAO.Sprint6.Task0.V5.Lib\Tyuiu.KonovalovaAO.Sprint6.Task0.V5.Lib.csproj", "{D99865DD-14A9-4B76-A3E6-B57EAFE1D854}"
EndProject
Project("{FAE04EC0-301F-11D3-BF4B-00C04F79EFBC}") = "Tyuiu.KonovalovaAO.Sprint6.Task0.V5.Test", "Tyuiu.KonovalovaAO.Sprint6.Task0.V5.Test\Tyuiu.KonovalovaAO.Sprint6.Task0.V5.Test.csproj", "{B465885C-16E4-4CA5-9A15-92A0AC129345}"
EndProject
Project("{FAE04EC0-301F-11D3-BF4B-00C04F79EFBC}") = "Tyuiu.KonovalovaAO.Sprint6.Task0.V5", "Tyuiu.KonovalovaAO.Sprint6.Task0.V5\Tyuiu.KonovalovaAO.Sprint6.Task0.V5.csproj", "{41BA6492-3268-4825-A9CC-A73C8D6477D9}"
EndProject
Project("{2150E333-8FDC-42A3-9474-1A3956D46DE8}") = "Task1", "Task1", "{9AAF2B37-0C32-4B30-9922-BDA3B13C4388}"
EndProject
Project("{FAE04EC0-301F-11D3-BF4B-00C04F79EFBC}") = "Tyuiu.KonovalovaAO.Sprint6.Task1.V2.Lib", "Tyuiu.KonovalovaAO.Sprint6.Task1.V2.Lib\Tyuiu.KonovalovaAO.Sprint6.Task1.V2.Lib.csproj", "{8431E5FA-125E-4F29-80F3-828D43704DE5}"
EndProject
Project("{FAE04EC0-301F-11D3-BF4B-00C04F79EFBC}") = "Tyuiu.KonovalovaAO.Sprint6.Task1.V2.Test", "Tyuiu.KonovalovaAO.Sprint6.Task1.V2.Test\Tyuiu.KonovalovaAO.Sprint6.Task1.V2.Test.csproj", "{6BC19BB1-86F1-4CBD-9AE0-8A475DFCBA32}"
EndProject
Project("{FAE04EC0-301F-11D3-BF4B-00C04F79EFBC}") = "Tyuiu.KonovalovaAO.Sprint6.Task1.V2", "Tyuiu.KonovalovaAO.Sprint6.Task1.V2\Tyuiu.KonovalovaAO.Sprint6.Task1.V2.csproj", "{A4C4AED3-0D17-4DF7-864B-8D1E782CD9E5}"
EndProject
Project("{2150E333-8FDC-42A3-9474-1A3956D46DE8}") = "Task2", "Task2", "{24239614-C7C4-4679-8333-90BC0F2F729E}"
EndProject
Project("{FAE04EC0-301F-11D3-BF4B-00C04F79EFBC}") = "Tyuiu.KonovalovaAO.Sprint6.Task2.V26.Lib", "Tyuiu.KonovalovaAO.Sprint6.Task2.V26.Lib\Tyuiu.KonovalovaAO.Sprint6.Task2.V26.Lib.csproj", "{86097067-9A2F-4177-A0E2-A5A96D3B1670}"
EndProject
Project("{FAE04EC0-301F-11D3-BF4B-00C04F79EFBC}") = "Tyuiu.KonovalovaAO.Sprint6.Task2.V26.Test", "Tyuiu.KonovalovaAO.Sprint6.Task2.V26.Test\Tyuiu.KonovalovaAO.Sprint6.Task2.V26.Test.csproj", "{CE7BF7C4-8664-477E-8484-86B7FC9B2655}"
EndProject
Project("{FAE04EC0-301F-11D3-BF4B-00C04F79EFBC}") = "Tyuiu.KonovalovaAO.Sprint6.Task2.V26", "Tyuiu.KonovalovaAO.Sprint6.Task2.V26\Tyuiu.KonovalovaAO.Sprint6.Task2.V26.csproj", "{0681B81E-1965-4B0C-B9A0-70CA7C415998}"
EndProject
Project("{2150E333-8FDC-42A3-9474-1A3956D46DE8}") = "Task3", "Task3", "{A91B4231-E7B7-45EA-B7D8-11AE552B241D}"
EndProject
Project("{FAE04EC0-301F-11D3-BF4B-00C04F79EFBC}") = "Tyuiu.KonovalovaAO.Sprint6.Task3.V2.Lib", "Tyuiu.KonovalovaAO.Sprint6.Task3.V2.Lib\Tyuiu.KonovalovaAO.Sprint6.Task3.V2.Lib.csproj", "{FC4F8B0B-926F-4B04-9F3D-274A006E1BFF}"
EndProject
Project("{FAE04EC0-301F-11D3-BF4B-00C04F79EFBC}") = "Tyuiu.KonovalovaAO.Sprint6.Task3.V2.Test", "Tyuiu.KonovalovaAO.Sprint6.Task3.V2.Test\Tyuiu.KonovalovaAO.Sprint6.Task3.V2.Test.csproj", "{67B93C5B-1ED9-4405-9912-CCC8AF023BA6}"
EndProject
Project("{FAE04EC0-301F-11D3-BF4B-00C04F79EFBC}") = "Tyuiu.KonovalovaAO.Sprint6.Task3.V2", "Tyuiu.KonovalovaAO.Sprint6.Task3.V2\Tyuiu.KonovalovaAO.Sprint6.Task3.V2.csproj", "{0A97DEE2-C919-495E-81F2-65A3B7BA134E}"
EndProject
Project("{2150E333-8FDC-42A3-9474-1A3956D46DE8}") = "Task4", "Task4", "{4468BF89-CF8F-461C-A800-685740A1C174}"
EndProject
Project("{FAE04EC0-301F-11D3-BF4B-00C04F79EFBC}") = "Tyuiu.KonovalovaAO.Sprint6.Task4.V25.Lib", "Tyuiu.KonovalovaAO.Sprint6.Task4.V25.Lib\Tyuiu.KonovalovaAO.Sprint6.Task4.V25.Lib.csproj", "{D12F17C2-ECCE-4599-BD32-F72C97751940}"
EndProject
Project("{FAE04EC0-301F-11D3-BF4B-00C04F79EFBC}") = "Tyuiu.KonovalovaAO.Sprint6.Task4.V25.Test", "Tyuiu.KonovalovaAO.Sprint6.Task4.V25.Test\Tyuiu.KonovalovaAO.Sprint6.Task4.V25.Test.csproj", "{F970221E-46D5-4897-B6C2-25DD769052AE}"
EndProject
Project("{FAE04EC0-301F-11D3-BF4B-00C04F79EFBC}") = "Tyuiu.KonovalovaAO.Sprint6.Task4.V25", "Tyuiu.KonovalovaAO.Sprint6.Task4.V25\Tyuiu.KonovalovaAO.Sprint6.Task4.V25.csproj", "{8F44374D-14D1-4269-817F-E9126ADD3E4C}"
EndProject
Project("{2150E333-8FDC-42A3-9474-1A3956D46DE8}") = "Task5", "Task5", "{D83669EC-9F3E-4FCF-A3AE-2AA6AB1BD278}"
EndProject
Project("{FAE04EC0-301F-11D3-BF4B-00C04F79EFBC}") = "Tyuiu.KonovalovaAO.Sprint6.Task5.V22.Lib", "Tyuiu.KonovalovaAO.Sprint6.Task5.V22.Lib\Tyuiu.KonovalovaAO.Sprint6.Task5.V22.Lib.csproj", "{DCF68E04-CAF1-43DE-98BA-F2F5A7B514B2}"
EndProject
Project("{FAE04EC0-301F-11D3-BF4B-00C04F79EFBC}") = "Tyuiu.KonovalovaAO.Sprint6.Task5.V22.Test", "Tyuiu.KonovalovaAO.Sprint6.Task5.V22.Test\Tyuiu.KonovalovaAO.Sprint6.Task5.V22.Test.csproj", "{85D4DB02-AFB4-409F-87F0-EE3527678237}"
EndProject
Project("{FAE04EC0-301F-11D3-BF4B-00C04F79EFBC}") = "Tyuiu.KonovalovaAO.Sprint6.Task5.V22", "Tyuiu.KonovalovaAO.Sprint6.Task5.V22\Tyuiu.KonovalovaAO.Sprint6.Task5.V22.csproj", "{BFBB6178-734C-4672-ADF3-93B5B34358BD}"
EndProject
Project("{2150E333-8FDC-42A3-9474-1A3956D46DE8}") = "Task6", "Task6", "{856AD123-0522-4FDF-9374-50BBD90BFEA4}"
EndProject
Project("{FAE04EC0-301F-11D3-BF4B-00C04F79EFBC}") = "Tyuiu.KonovalovaAO.Sprint6.Task6.V3.Lib", "Tyuiu.KonovalovaAO.Sprint6.Task6.V3.Lib\Tyuiu.KonovalovaAO.Sprint6.Task6.V3.Lib.csproj", "{1A5896A7-DFFC-4485-9172-546F98202249}"
EndProject
Project("{FAE04EC0-301F-11D3-BF4B-00C04F79EFBC}") = "Tyuiu.KonovalovaAO.Sprint6.Task6.V3.Test", "Tyuiu.KonovalovaAO.Sprint6.Task6.V3.Test\Tyuiu.KonovalovaAO.Sprint6.Task6.V3.Test.csproj", "{7BF33993-102F-4C4B-9BDF-506D6BB66766}"
EndProject
Project("{FAE04EC0-301F-11D3-BF4B-00C04F79EFBC}") = "Tyuiu.KonovalovaAO.Sprint6.Task6.V3", "Tyuiu.KonovalovaAO.Sprint6.Task6.V3\Tyuiu.KonovalovaAO.Sprint6.Task6.V3.csproj", "{267D4653-CF00-4336-9009-7B50255F22B6}"
EndProject
Global
	GlobalSection(SolutionConfigurationPlatforms) = preSolution
		Debug|Any CPU = Debug|Any CPU
		Release|Any CPU = Release|Any CPU
	EndGlobalSection
	GlobalSection(ProjectConfigurationPlatforms) = postSolution
		{D99865DD-14A9-4B76-A3E6-B57EAFE1D854}.Debug|Any CPU.ActiveCfg = Debug|Any CPU
		{D99865DD-14A9-4B76-A3E6-B57EAFE1D854}.Debug|Any CPU.Build.0 = Debug|Any CPU
		{D99865DD-14A9-4B76-A3E6-B57EAFE1D854}.Release|Any CPU.ActiveCfg = Release|Any CPU
		{D99865DD-14A9-4B76-A3E6-B57EAFE1D854}.Release|Any CPU.Build.0 = Release|Any CPU
		{B465885C-16E4-4CA5-9A15-92A0AC129345}.Debug|Any CPU.ActiveCfg = Debug|Any CPU
		{B465885C-16E4-4CA5-9A15-92A0AC129345}.Debug|Any CPU.Build.0 = Debug|Any CPU
		{B465885C-16E4-4CA5-9A15-92A0AC129345}.Release|Any CPU.ActiveCfg = Release|Any CPU
		{B465885C-16E4-4CA5-9A15-92A0AC129345}.Release|Any CPU.Build.0 = Release|Any CPU
		{41BA6492-3268-4825-A9CC-A73C8D6477D9}.Debug|Any CPU.ActiveCfg = Debug|Any CPU
		{41BA6492-3268-4825-A9CC-A73C8D6477D9}.Debug|Any CPU.Build.0 = Debug|Any CPU
		{41BA6492-3268-4825-A9CC-A73C8D6477D9}.Release|Any CPU.ActiveCfg = Release|Any CPU
		{41BA6492-3268-4825-A9CC-A73C8D6477D9}.Release|Any CPU.Build.0 = Release|Any CPU
		{8431E5FA-125E-4F29-80F3-828D43704DE5}.Debug|Any CPU.ActiveCfg = Debug|Any CPU
		{8431E5FA-125E-4F29-80F3-828D43704DE5}.Debug|Any CPU.Build.0 = Debug|Any CPU
		{8431E5FA-125E-4F29-80F3-828D43704DE5}.Release|Any CPU.ActiveCfg = Release|Any CPU
		{8431E5FA-125E-4F29-80F3-828D43704DE5}.Release|Any CPU.Build.0 = Release|Any CPU
		{6BC19BB1-86F1-4CBD-9AE0-8A475DFCBA32}.Debug|Any CPU.ActiveCfg = Debug|Any CPU
		{6BC19BB1-86F1-4CBD-9AE0-8A475DFCBA32}.Debug|Any CPU.Build.0 = Debug|Any CPU
		{6BC19BB1-86F1-4CBD-9AE0-8A475DFCBA32}.Release|Any CPU.ActiveCfg = Release|Any CPU
		{6BC19BB1-86F1-4CBD-9AE0-8A475DFCBA32}.Release|Any CPU.Build.0 = Release|Any CPU
		{A4C4AED3-0D17-4DF7-864B-8D1E782CD9E5}.Debug|Any CPU.ActiveCfg = Debug|Any CPU
		{A4C4AED3-0D17-4DF7-864B-8D1E782CD9E5}.Debug|Any CPU.Build.0 = Debug|Any CPU
		{A4C4AED3-0D17-4DF7-864B-8D1E782CD9E5}.Release|Any CPU.ActiveCfg = Release|Any CPU
		{A4C4AED3-0D17-4DF7-864B-8D1E782CD9E5}.Release|Any CPU.Build.0 = Release|Any CPU
		{86097067-9A2F-4177-A0E2-A5A96D3B1670}.Debug|Any CPU.ActiveCfg = Debug|Any CPU
		{86097067-9A2F-4177-A0E2-A5A96D3B1670}.Debug|Any CPU.Build.0 = Debug|Any CPU
		{86097067-9A2F-4177-A0E2-A5A96D3B1670}.Release|Any CPU.ActiveCfg = Release|Any CPU
		{86097067-9A2F-4177-A0E2-A5A96D3B1670}.Release|Any CPU.Build.0 = Release|Any CPU
		{CE7BF7C4-8664-477E-8484-86B7FC9B2655}.Debug|Any CPU.ActiveCfg = Debug|Any CPU
		{CE7BF7C4-8664-477E-8484-86B7FC9B2655}.Debug|Any CPU.Build.0 = Debug|Any CPU
		{CE7BF7C4-8664-477E-8484-86B7FC9B2655}.Release|Any CPU.ActiveCfg = Release|Any CPU
		{CE7BF7C4-8664-477E-8484-86B7FC9B2655}.Release|Any CPU.Build.0 = Release|Any CPU
		{0681B81E-1965-4B0C-B9A0-70CA7C415998}.Debug|Any CPU.ActiveCfg = Debug|Any CPU
		{0681B81E-1965-4B0C-B9A0-70CA7C415998}.Debug|Any CPU.Build.0 = Debug|Any CPU
		{0681B81E-1965-4B0C-B9A0-70CA7C415998}.Release|Any CPU.ActiveCfg = Release|Any CPU
		{0681B81E-1965-4B0C-B9A0-70CA7C415998}.Release|Any CPU.Build.0 = Release|Any CPU
		{FC4F8B0B-926F-4B04-9F3D-274A006E1BFF}.Debug|Any CPU.ActiveCfg = Debug|Any CPU
		{FC4F8B0B-926F-4B04-9F3D-274A006E1BFF}.Debug|Any CPU.Build.0 = Debug|Any CPU
		{FC4F8B0B-926F-4B04-9F3D-274A006E1BFF}.Release|Any CPU.ActiveCfg = Release|Any CPU
		{FC4F8B0B-926F-4B04-9F3D-274A006E1BFF}.Release|Any CPU.Build.0 = Release|Any CPU
		{67B93C5B-1ED9-4405-9912-CCC8AF023BA6}.Debug|Any CPU.ActiveCfg = Debug|Any CPU
		{67B93C5B-1ED9-4405-9912-CCC8AF023BA6}.Debug|Any CPU.Build.0 = Debug|Any CPU
		{67B93C5B-1ED9-4405-9912-CCC8AF023BA6}.Release|Any CPU.ActiveCfg = Release|Any CPU
		{67B93C5B-1ED9-4405-9912-CCC8AF023BA6}.Release|Any CPU.Build.0 = Release|Any CPU
		{0A97DEE2-C919-495E-81F2-65A3B7BA134E}.Debug|Any CPU.ActiveCfg = Debug|Any CPU
		{0A97DEE2-C919-495E-81F2-65A3B7BA134E}.Debug|Any CPU.Build.0 = Debug|Any CPU
		{0A97DEE2-C919-495E-81F2-65A3B7BA134E}.Release|Any CPU.ActiveCfg = Release|Any CPU
		{0A97DEE2-C919-495E-81F2-65A3B7BA134E}.Release|Any CPU.Build.0 = Release|Any CPU
		{D12F17C2-ECCE-4599-BD32-F72C97751940}.Debug|Any CPU.ActiveCfg = Debug|Any CPU
		{D12F17C2-ECCE-4599-BD32-F72C97751940}.Debug|Any CPU.Build.0 = Debug|Any CPU
		{D12F17C2-ECCE-4599-BD32-F72C97751940}.Release|Any CPU.ActiveCfg = Release|Any CPU
		{D12F17C2-ECCE-4599-BD32-F72C97751940}.Release|Any CPU.Build.0 = Release|Any CPU
		{F970221E-46D5-4897-B6C2-25DD769052AE}.Debug|Any CPU.ActiveCfg = Debug|Any CPU
		{F970221E-46D5-4897-B6C2-25DD769052AE}.Debug|Any CPU.Build.0 = Debug|Any CPU
		{F970221E-46D5-4897-B6C2-25DD769052AE}.Release|Any CPU.ActiveCfg = Release|Any CPU
		{F970221E-46D5-4897-B6C2-25DD769052AE}.Release|Any CPU.Build.0 = Release|Any CPU
		{8F44374D-14D1-4269-817F-E9126ADD3E4C}.Debug|Any CPU.ActiveCfg = Debug|Any CPU
		{8F44374D-14D1-4269-817F-E9126ADD3E4C}.Debug|Any CPU.Build.0 = Debug|Any CPU
		{8F44374D-14D1-4269-817F-E9126ADD3E4C}.Release|Any CPU.ActiveCfg = Release|Any CPU
		{8F44374D-14D1-4269-817F-E9126ADD3E4C}.Release|Any CPU.Build.0 = Release|Any CPU
		{DCF68E04-CAF1-43DE-98BA-F2F5A7B514B2}.Debug|Any CPU.ActiveCfg = Debug|Any CPU
		{DCF68E04-CAF1-43DE-98BA-F2F5A7B514B2}.Debug|Any CPU.Build.0 = Debug|Any CPU
		{DCF68E04-CAF1-43DE-98BA-F2F5A7B514B2}.Release|Any CPU.ActiveCfg = Release|Any CPU
		{DCF68E04-CAF1-43DE-98BA-F2F5A7B514B2}.Release|Any CPU.Build.0 = Release|Any CPU
		{85D4DB02-AFB4-409F-87F0-EE3527678237}.Debug|Any CPU.ActiveCfg = Debug|Any CPU
		{85D4DB02-AFB4-409F-87F0-EE3527678237}.Debug|Any CPU.Build.0 = Debug|Any CPU
		{85D4DB02-AFB4-409F-87F0-EE3527678237}.Release|Any CPU.ActiveCfg = Release|Any CPU
		{85D4DB02-AFB4-409F-87F0-EE3527678237}.Release|Any CPU.Build.0 = Release|Any CPU
		{BFBB6178-734C-4672-ADF3-93B5B34358BD}.Debug|Any CPU.ActiveCfg = Debug|Any CPU
		{BFBB6178-734C-4672-ADF3-93B5B34358BD}.Debug|Any CPU.Build.0 = Debug|Any CPU
		{BFBB6178-734C-4672-ADF3-93B5B34358BD}.Release|Any CPU.ActiveCfg = Release|Any CPU
		{BFBB6178-734C-4672-ADF3-93B5B34358BD}.Release|Any CPU.Build.0 = Release|Any CPU
		{1A5896A7-DFFC-4485-9172-546F98202249}.Debug|Any CPU.ActiveCfg = Debug|Any CPU
		{1A5896A7-DFFC-4485-9172-546F98202249}.Debug|Any CPU.Build.0 = Debug|Any CPU
		{1A5896A7-DFFC-4485-9172-546F98202249}.Release|Any CPU.ActiveCfg = Release|Any CPU
		{1A5896A7-DFFC-4485-9172-546F98202249}.Release|Any CPU.Build.0 = Release|Any CPU
		{7BF33993-102F-4C4B-9BDF-506D6BB66766}.Debug|Any CPU.ActiveCfg = Debug|Any CPU
		{7BF33993-102F-4C4B-9BDF-506D6BB66766}.Debug|Any CPU.Build.0 = Debug|Any CPU
		{7BF33993-102F-4C4B-9BDF-506D6BB66766}.Release|Any CPU.ActiveCfg = Release|Any CPU
		{7BF33993-102F-4C4B-9BDF-506D6BB66766}.Release|Any CPU.Build.0 = Release|Any CPU
		{267D4653-CF00-4336-9009-7B50255F22B6}.Debug|Any CPU.ActiveCfg = Debug|Any CPU
		{267D4653-CF00-4336-9009-7B50255F22B6}.Debug|Any CPU.Build.0 = Debug|Any CPU
		{267D4653-CF00-4336-9009-7B50255F22B6}.Release|Any CPU.ActiveCfg = Release|Any CPU
		{267D4653-CF00-4336-9009-7B50255F22B6}.Release|Any CPU.Build.0 = Release|Any CPU
	EndGlobalSection
	GlobalSection(SolutionProperties) = preSolution
		HideSolutionNode = FALSE
	EndGlobalSection
	GlobalSection(NestedProjects) = preSolution
		{D99865DD-14A9-4B76-A3E6-B57EAFE1D854} = {0F8B2FBF-FD7F-4219-AC07-22108BC9A02E}
		{B465885C-16E4-4CA5-9A15-92A0AC129345} = {0F8B2FBF-FD7F-4219-AC07-22108BC9A02E}
		{41BA6492-3268-4825-A9CC-A73C8D6477D9} = {0F8B2FBF-FD7F-4219-AC07-22108BC9A02E}
		{8431E5FA-125E-4F29-80F3-828D43704DE5} = {9AAF2B37-0C32-4B30-9922-BDA3B13C4388}
		{6BC19BB1-86F1-4CBD-9AE0-8A475DFCBA32} = {9AAF2B37-0C32-4B30-9922-BDA3B13C4388}
		{A4C4AED3-0D17-4DF7-864B-8D1E782CD9E5} = {9AAF2B37-0C32-4B30-9922-BDA3B13C4388}
		{86097067-9A2F-4177-A0E2-A5A96D3B1670} = {24239614-C7C4-4679-8333-90BC0F2F729E}
		{CE7BF7C4-8664-477E-8484-86B7FC9B2655} = {24239614-C7C4-4679-8333-90BC0F2F729E}
		{0681B81E-1965-4B0C-B9A0-70CA7C415998} = {24239614-C7C4-4679-8333-90BC0F2F729E}
		{FC4F8B0B-926F-4B04-9F3D-274A006E1BFF} = {A91B4231-E7B7-45EA-B7D8-11AE552B241D}
		{67B93C5B-1ED9-4405-9912-CCC8AF023BA6} = {A91B4231-E7B7-45EA-B7D8-11AE552B241D}
		{0A97DEE2-C919-495E-81F2-65A3B7BA134E} = {A91B4231-E7B7-45EA-B7D8-11AE552B241D}
		{D12F17C2-ECCE-4599-BD32-F72C97751940} = {4468BF89-CF8F-461C-A800-685740A1C174}
		{F970221E-46D5-4897-B6C2-25DD769052AE} = {4468BF89-CF8F-461C-A800-685740A1C174}
		{8F44374D-14D1-4269-817F-E9126ADD3E4C} = {4468BF89-CF8F-461C-A800-685740A1C174}
		{DCF68E04-CAF1-43DE-98BA-F2F5A7B514B2} = {D83669EC-9F3E-4FCF-A3AE-2AA6AB1BD278}
		{85D4DB02-AFB4-409F-87F0-EE3527678237} = {D83669EC-9F3E-4FCF-A3AE-2AA6AB1BD278}
		{BFBB6178-734C-4672-ADF3-93B5B34358BD} = {D83669EC-9F3E-4FCF-A3AE-2AA6AB1BD278}
		{1A5896A7-DFFC-4485-9172-546F98202249} = {856AD123-0522-4FDF-9374-50BBD90BFEA4}
		{7BF33993-102F-4C4B-9BDF-506D6BB66766} = {856AD123-0522-4FDF-9374-50BBD90BFEA4}
		{267D4653-CF00-4336-9009-7B50255F22B6} = {856AD123-0522-4FDF-9374-50BBD90BFEA4}
	EndGlobalSection
	GlobalSection(ExtensibilityGlobals) = postSolution
		SolutionGuid = {DCDBDB62-F8E0-44CC-9D0F-24BEC223F639}
	EndGlobalSection
EndGlobal
